
Microsoft Visual Studio Solution File, Format Version 12.00
# Visual Studio Version 17
VisualStudioVersion = 17.3.32922.545
MinimumVisualStudioVersion = 10.0.40219.1
Project("{FAE04EC0-301F-11D3-BF4B-00C04F79EFBC}") = "Listen", "Listen\Listen.csproj", "{339CDDD4-CBCB-4B0C-AEA8-014A02F05F2D}"
EndProject
Global
	GlobalSection(SolutionConfigurationPlatforms) = preSolution
		Debug|Any CPU = Debug|Any CPU
		Release|Any CPU = Release|Any CPU
	EndGlobalSection
	GlobalSection(ProjectConfigurationPlatforms) = postSolution
		{339CDDD4-CBCB-4B0C-AEA8-014A02F05F2D}.Debug|Any CPU.ActiveCfg = Debug|Any CPU
		{339CDDD4-CBCB-4B0C-AEA8-014A02F05F2D}.Debug|Any CPU.Build.0 = Debug|Any CPU
		{339CDDD4-CBCB-4B0C-AEA8-014A02F05F2D}.Release|Any CPU.ActiveCfg = Release|Any CPU
		{339CDDD4-CBCB-4B0C-AEA8-014A02F05F2D}.Release|Any CPU.Build.0 = Release|Any CPU
	EndGlobalSection
	GlobalSection(SolutionProperties) = preSolution
		HideSolutionNode = FALSE
	EndGlobalSection
	GlobalSection(ExtensibilityGlobals) = postSolution
		SolutionGuid = {834A2015-EBA2-439D-88EF-25802366A3E7}
	EndGlobalSection
EndGlobal
